
Microsoft Visual Studio Solution File, Format Version 12.00
# Visual Studio 15
VisualStudioVersion = 15.0.27130.2010
MinimumVisualStudioVersion = 10.0.40219.1
Project("{FAE04EC0-301F-11D3-BF4B-00C04F79EFBC}") = "CommerceWeb", "CommerceWeb\CommerceWeb.csproj", "{7EEC6435-72C5-429A-B6A7-A866FFC94F56}"
EndProject
Project("{FAE04EC0-301F-11D3-BF4B-00C04F79EFBC}") = "CommerceDomain", "CommerceDomain\CommerceDomain.csproj", "{2010C069-3F10-43EE-9F1B-EC1704ABC5AD}"
EndProject
Global
	GlobalSection(SolutionConfigurationPlatforms) = preSolution
		Debug|Any CPU = Debug|Any CPU
		Release|Any CPU = Release|Any CPU
	EndGlobalSection
	GlobalSection(ProjectConfigurationPlatforms) = postSolution
		{7EEC6435-72C5-429A-B6A7-A866FFC94F56}.Debug|Any CPU.ActiveCfg = Debug|Any CPU
		{7EEC6435-72C5-429A-B6A7-A866FFC94F56}.Debug|Any CPU.Build.0 = Debug|Any CPU
		{7EEC6435-72C5-429A-B6A7-A866FFC94F56}.Release|Any CPU.ActiveCfg = Release|Any CPU
		{7EEC6435-72C5-429A-B6A7-A866FFC94F56}.Release|Any CPU.Build.0 = Release|Any CPU
		{2010C069-3F10-43EE-9F1B-EC1704ABC5AD}.Debug|Any CPU.ActiveCfg = Debug|Any CPU
		{2010C069-3F10-43EE-9F1B-EC1704ABC5AD}.Debug|Any CPU.Build.0 = Debug|Any CPU
		{2010C069-3F10-43EE-9F1B-EC1704ABC5AD}.Release|Any CPU.ActiveCfg = Release|Any CPU
		{2010C069-3F10-43EE-9F1B-EC1704ABC5AD}.Release|Any CPU.Build.0 = Release|Any CPU
	EndGlobalSection
	GlobalSection(SolutionProperties) = preSolution
		HideSolutionNode = FALSE
	EndGlobalSection
	GlobalSection(ExtensibilityGlobals) = postSolution
		SolutionGuid = {C0B285CB-8EB9-4FAF-B614-099EEA268331}
	EndGlobalSection
EndGlobal
